<?xml version="1.0" encoding="utf-8"?>
<Project ToolsVersion="4.0" xmlns="http://schemas.microsoft.com/developer/msbuild/2003">
  <ItemGroup>
    <Filter Include="Kernel">
      <UniqueIdentifier>{8f083176-e075-4397-b742-f1600ab1c426}</UniqueIdentifier>
    </Filter>
    <Filter Include="Parser">
      <UniqueIdentifier>{caa26347-2a39-4f5c-82ff-39419e7b67de}</UniqueIdentifier>
    </Filter>
    <Filter Include="Parser\TinyXML">
      <UniqueIdentifier>{1cd7f7ab-14b4-4dab-b52b-81ccd1660920}</UniqueIdentifier>
    </Filter>
  </ItemGroup>
  <ItemGroup>
    <ClCompile Include="StdAfx.cpp">
      <Filter>Kernel</Filter>
    </ClCompile>
    <ClCompile Include="xrXMLParser.cpp">
      <Filter>Parser</Filter>
    </ClCompile>
    <ClCompile Include="tinystr.cpp">
      <Filter>Parser\TinyXML</Filter>
    </ClCompile>
    <ClCompile Include="tinyxml.cpp">
      <Filter>Parser\TinyXML</Filter>
    </ClCompile>
    <ClCompile Include="tinyxmlerror.cpp">
      <Filter>Parser\TinyXML</Filter>
    </ClCompile>
    <ClCompile Include="tinyxmlparser.cpp">
      <Filter>Parser\TinyXML</Filter>
    </ClCompile>
  </ItemGroup>
  <ItemGroup>
    <ClInclude Include="stdafx.h">
      <Filter>Kernel</Filter>
    </ClInclude>
    <ClInclude Include="xrXMLParser.h">
      <Filter>Parser</Filter>
    </ClInclude>
    <ClInclude Include="tinystr.h">
      <Filter>Parser\TinyXML</Filter>
    </ClInclude>
    <ClInclude Include="tinyxml.h">
      <Filter>Parser\TinyXML</Filter>
    </ClInclude>
  </ItemGroup>
</Project>