<?xml version="1.0" encoding="utf-8"?>
<Project ToolsVersion="4.0" xmlns="http://schemas.microsoft.com/developer/msbuild/2003">
  <ItemGroup>
    <Filter Include="Core">
      <UniqueIdentifier>{84af2b4e-e853-4b53-8e4c-b0257c571ecf}</UniqueIdentifier>
    </Filter>
    <Filter Include="Common">
      <UniqueIdentifier>{d199366a-1b70-49d4-ab6b-4e4dd27c2297}</UniqueIdentifier>
    </Filter>
    <Filter Include="Common\AComponents">
      <UniqueIdentifier>{27608fce-b64b-4d79-9afd-26141ec566b9}</UniqueIdentifier>
    </Filter>
    <Filter Include="Common\AComponents\SpaceRestrictionManager">
      <UniqueIdentifier>{0b1d9797-09e6-4cbb-acd2-0855b756b228}</UniqueIdentifier>
    </Filter>
    <Filter Include="Common\ASound">
      <UniqueIdentifier>{3c31b7b7-0c3e-4d0e-9d0a-45c1f178a42d}</UniqueIdentifier>
    </Filter>
    <Filter Include="Common\ASpace">
      <UniqueIdentifier>{eab9a9a9-5167-4e7e-bdbe-4efbb2f2c64b}</UniqueIdentifier>
    </Filter>
    <Filter Include="Common\ObjectBroker">
      <UniqueIdentifier>{5837c249-705b-4ed4-8301-89213f326a5b}</UniqueIdentifier>
    </Filter>
    <Filter Include="Common\ObjectFactory">
      <UniqueIdentifier>{5063fb7f-9170-4a6d-a1cf-112a21082701}</UniqueIdentifier>
    </Filter>
    <Filter Include="Common\ObjectFactory\object_item_abstract">
      <UniqueIdentifier>{13590a96-337b-48dc-9b1e-f15dae62ed19}</UniqueIdentifier>
    </Filter>
    <Filter Include="Common\ObjectFactory\object_item_client_server">
      <UniqueIdentifier>{e3a02da6-52ee-4ba5-83bc-e0255512c6e2}</UniqueIdentifier>
    </Filter>
    <Filter Include="Common\ObjectFactory\object_item_script">
      <UniqueIdentifier>{0dc3f23e-2bd0-4a2d-8c9b-ef7d2f97be07}</UniqueIdentifier>
    </Filter>
    <Filter Include="Common\ObjectFactory\object_item_single">
      <UniqueIdentifier>{366852b5-91e2-495c-b1ba-58a177b43a17}</UniqueIdentifier>
    </Filter>
    <Filter Include="Common\SmartCast">
      <UniqueIdentifier>{554055a1-1934-41e4-bd85-84581bf07d98}</UniqueIdentifier>
    </Filter>
    <Filter Include="Common\associative_vector">
      <UniqueIdentifier>{68a6e5fd-4e66-4b88-81b2-78d20c88d191}</UniqueIdentifier>
    </Filter>
    <Filter Include="Scripts">
      <UniqueIdentifier>{c418f6d8-0b7b-426c-ade1-e5b7a06897f3}</UniqueIdentifier>
    </Filter>
    <Filter Include="Scripts\ScriptClasses">
      <UniqueIdentifier>{809c02bb-0cbd-40c2-bbb8-49091b9f62aa}</UniqueIdentifier>
    </Filter>
    <Filter Include="Scripts\ScriptClasses\ScriptFmatrix">
      <UniqueIdentifier>{fa744203-11f0-460d-b2e7-3c2e89bf5cdc}</UniqueIdentifier>
    </Filter>
    <Filter Include="Scripts\ScriptClasses\ScriptFvector">
      <UniqueIdentifier>{47ebf178-ecb8-4496-9d6e-f66e334686e0}</UniqueIdentifier>
    </Filter>
    <Filter Include="Scripts\ScriptClasses\ScriptIniFile">
      <UniqueIdentifier>{deb8ba16-fcb1-402a-89ae-f9221c7b89d1}</UniqueIdentifier>
    </Filter>
    <Filter Include="Scripts\ScriptClasses\ScriptIniFile\ScriptTokenList">
      <UniqueIdentifier>{50c984c1-0814-494c-a115-3f92391b4ed3}</UniqueIdentifier>
    </Filter>
    <Filter Include="Scripts\ScriptClasses\ScriptIniFile\ScriptRTokenList">
      <UniqueIdentifier>{2f19fc24-7323-4d87-a212-0becc789dced}</UniqueIdentifier>
    </Filter>
    <Filter Include="Scripts\ScriptClasses\ScriptNetPacket">
      <UniqueIdentifier>{04eea942-efb2-49a0-b510-bb6fcf5a9d53}</UniqueIdentifier>
    </Filter>
    <Filter Include="Scripts\ScriptClasses\ScriptSoundType">
      <UniqueIdentifier>{9f447619-c4eb-48a6-a0cf-82427c860e67}</UniqueIdentifier>
    </Filter>
    <Filter Include="Scripts\ScriptClasses\ScriptFlags">
      <UniqueIdentifier>{1c79deaa-6efc-4989-adcb-0da80a95764a}</UniqueIdentifier>
    </Filter>
    <Filter Include="Scripts\ScriptClasses\ScriptReader">
      <UniqueIdentifier>{34a85ac7-29b8-4f96-896a-356e47d789ee}</UniqueIdentifier>
    </Filter>
    <Filter Include="Scripts\ScriptEngine">
      <UniqueIdentifier>{e9abfffe-4bc3-4462-b9cc-db66ccb96470}</UniqueIdentifier>
    </Filter>
    <Filter Include="Scripts\ScriptStorage">
      <UniqueIdentifier>{d4a0b08a-1d1c-442f-aec7-03b3882cff53}</UniqueIdentifier>
    </Filter>
    <Filter Include="Scripts\ScriptProcess">
      <UniqueIdentifier>{5e82de1b-97ce-468f-8938-74ebdfa22d41}</UniqueIdentifier>
    </Filter>
    <Filter Include="Scripts\ScriptThread">
      <UniqueIdentifier>{265da4ba-4a93-495d-9151-f4db9ccb9e13}</UniqueIdentifier>
    </Filter>
    <Filter Include="Scripts\ScriptThread\ScriptStackTracker">
      <UniqueIdentifier>{1e20515f-e162-4ff0-aaa5-fc0e8aa018c4}</UniqueIdentifier>
    </Filter>
    <Filter Include="Scripts\ScriptDebugger">
      <UniqueIdentifier>{2ca1d0cb-36a4-4f64-9b71-99baaee1b230}</UniqueIdentifier>
    </Filter>
    <Filter Include="Scripts\memory_manager">
      <UniqueIdentifier>{bd7ee11d-5732-41d1-9cd4-19d1bab1a941}</UniqueIdentifier>
    </Filter>
    <Filter Include="ServerStuff">
      <UniqueIdentifier>{ff3b98ec-d8b0-43ff-8788-ee07177a53af}</UniqueIdentifier>
    </Filter>
    <Filter Include="ServerStuff\Common">
      <UniqueIdentifier>{4b872191-1445-4ebf-9298-623a6b2e1518}</UniqueIdentifier>
    </Filter>
    <Filter Include="ServerStuff\Common\ALifeStuff">
      <UniqueIdentifier>{997c6894-68da-49bc-a48f-ead63cc49a19}</UniqueIdentifier>
    </Filter>
    <Filter Include="ServerStuff\Common\ALifeStuff\artefact_order">
      <UniqueIdentifier>{b8f6dfdd-97d6-437f-9a67-4fefb3907ae7}</UniqueIdentifier>
    </Filter>
    <Filter Include="ServerStuff\Common\ALifeStuff\human_brain">
      <UniqueIdentifier>{8c796cc7-435f-4267-9f6a-c86a74304b42}</UniqueIdentifier>
    </Filter>
    <Filter Include="ServerStuff\Common\ALifeStuff\monster_brain">
      <UniqueIdentifier>{62f48441-852c-4745-8b3d-b8baae01ea01}</UniqueIdentifier>
    </Filter>
    <Filter Include="ServerStuff\Common\GameStuff">
      <UniqueIdentifier>{d761bf2e-04a6-472b-bd21-d885b714c76b}</UniqueIdentifier>
    </Filter>
    <Filter Include="ServerStuff\Common\NetworkStuff">
      <UniqueIdentifier>{442d1df2-0d79-479d-878b-9c11be7ea905}</UniqueIdentifier>
    </Filter>
    <Filter Include="ServerStuff\Common\PhysicsStuff">
      <UniqueIdentifier>{f78beb96-d8bd-4f6e-b3db-5b0876461420}</UniqueIdentifier>
    </Filter>
    <Filter Include="ServerStuff\Common\ServerStuff">
      <UniqueIdentifier>{fe2a5f62-7aa5-4701-827c-add16ea5472a}</UniqueIdentifier>
    </Filter>
    <Filter Include="ServerStuff\ServerFactory">
      <UniqueIdentifier>{1a79d6d0-922f-4cb7-9a48-ba0f19e408f7}</UniqueIdentifier>
    </Filter>
    <Filter Include="ServerStuff\ServerEntities">
      <UniqueIdentifier>{54339529-84dd-4fe0-9d6d-2901c19d87a6}</UniqueIdentifier>
    </Filter>
    <Filter Include="ServerStuff\ServerEntities\objects">
      <UniqueIdentifier>{be185216-44e5-4dfd-a5ca-4402fab18a42}</UniqueIdentifier>
    </Filter>
    <Filter Include="ServerStuff\ServerEntities\objects_alife">
      <UniqueIdentifier>{7ba642dc-a5bf-482e-83fc-2224aca3d157}</UniqueIdentifier>
    </Filter>
    <Filter Include="ServerStuff\ServerEntities\objects_alife_items">
      <UniqueIdentifier>{c3ddd526-6ff8-4667-b24f-79a44dccf933}</UniqueIdentifier>
    </Filter>
    <Filter Include="ServerStuff\ServerEntities\objects_alife_monsters">
      <UniqueIdentifier>{2c81e7e6-b9b6-4b1d-88fe-ac3f42c2562d}</UniqueIdentifier>
    </Filter>
    <Filter Include="ServerStuff\ServerEntities\editor_properties">
      <UniqueIdentifier>{1db7f6d9-faf9-4f48-86b3-330af8a06101}</UniqueIdentifier>
    </Filter>
    <Filter Include="ServerStuff\ServerEntities\scripts">
      <UniqueIdentifier>{b9225aa2-0d66-495e-b5c8-e3287a732352}</UniqueIdentifier>
    </Filter>
    <Filter Include="ServerStuff\ServerEntities\scripts\script_value">
      <UniqueIdentifier>{3da0886a-8c29-4af6-aafe-e3f72054f471}</UniqueIdentifier>
    </Filter>
    <Filter Include="ServerStuff\ServerEntities\scripts\script_value_wrapper">
      <UniqueIdentifier>{7cad1866-5846-4609-a78c-679c7ebcce74}</UniqueIdentifier>
    </Filter>
    <Filter Include="ServerStuff\ServerEntities\scripts\script_value_container">
      <UniqueIdentifier>{88ce8779-203c-472f-8eee-890dde7dc870}</UniqueIdentifier>
    </Filter>
    <Filter Include="ServerStuff\ServerEntities\scripts\script_properties_list_helper">
      <UniqueIdentifier>{03743f81-2fc3-4ae4-9ff1-edecd6eaec91}</UniqueIdentifier>
    </Filter>
  </ItemGroup>
  <ItemGroup>
    <ClInclude Include="DrawUtils.h">
      <Filter>Core</Filter>
    </ClInclude>
    <ClInclude Include="stdafx.h">
      <Filter>Core</Filter>
    </ClInclude>
    <ClInclude Include="xr_LuaAllocator.h">
      <Filter>Core</Filter>
    </ClInclude>
    <ClInclude Include="xrSE_Factory.h">
      <Filter>Core</Filter>
    </ClInclude>
    <ClInclude Include="xrSE_Factory_import_export.h">
      <Filter>Core</Filter>
    </ClInclude>
    <ClInclude Include="defines.h">
      <Filter>Common</Filter>
    </ClInclude>
    <ClInclude Include="FastDelegate.h">
      <Filter>Common</Filter>
    </ClInclude>
    <ClInclude Include="xrLevel.h">
      <Filter>Common</Filter>
    </ClInclude>
    <ClInclude Include="restriction_space.h">
      <Filter>Common\AComponents\SpaceRestrictionManager</Filter>
    </ClInclude>
    <ClInclude Include="ai_sounds.h">
      <Filter>Common\ASound</Filter>
    </ClInclude>
    <ClInclude Include="ai_space.h">
      <Filter>Common\ASpace</Filter>
    </ClInclude>
    <ClInclude Include="ai_space_inline.h">
      <Filter>Common\ASpace</Filter>
    </ClInclude>
    <ClInclude Include="object_broker.h">
      <Filter>Common\ObjectBroker</Filter>
    </ClInclude>
    <ClInclude Include="object_cloner.h">
      <Filter>Common\ObjectBroker</Filter>
    </ClInclude>
    <ClInclude Include="object_comparer.h">
      <Filter>Common\ObjectBroker</Filter>
    </ClInclude>
    <ClInclude Include="object_destroyer.h">
      <Filter>Common\ObjectBroker</Filter>
    </ClInclude>
    <ClInclude Include="object_interfaces.h">
      <Filter>Common\ObjectBroker</Filter>
    </ClInclude>
    <ClInclude Include="object_loader.h">
      <Filter>Common\ObjectBroker</Filter>
    </ClInclude>
    <ClInclude Include="object_saver.h">
      <Filter>Common\ObjectBroker</Filter>
    </ClInclude>
    <ClInclude Include="object_type_traits.h">
      <Filter>Common\ObjectBroker</Filter>
    </ClInclude>
    <ClInclude Include="clsid_game.h">
      <Filter>Common\ObjectFactory</Filter>
    </ClInclude>
    <ClInclude Include="object_factory.h">
      <Filter>Common\ObjectFactory</Filter>
    </ClInclude>
    <ClInclude Include="object_factory_impl.h">
      <Filter>Common\ObjectFactory</Filter>
    </ClInclude>
    <ClInclude Include="object_factory_inline.h">
      <Filter>Common\ObjectFactory</Filter>
    </ClInclude>
    <ClInclude Include="object_factory_space.h">
      <Filter>Common\ObjectFactory</Filter>
    </ClInclude>
    <ClInclude Include="object_item_abstract.h">
      <Filter>Common\ObjectFactory\object_item_abstract</Filter>
    </ClInclude>
    <ClInclude Include="object_item_abstract_inline.h">
      <Filter>Common\ObjectFactory\object_item_abstract</Filter>
    </ClInclude>
    <ClInclude Include="object_item_client_server.h">
      <Filter>Common\ObjectFactory\object_item_client_server</Filter>
    </ClInclude>
    <ClInclude Include="object_item_client_server_inline.h">
      <Filter>Common\ObjectFactory\object_item_client_server</Filter>
    </ClInclude>
    <ClInclude Include="object_item_script.h">
      <Filter>Common\ObjectFactory\object_item_script</Filter>
    </ClInclude>
    <ClInclude Include="object_item_script_inline.h">
      <Filter>Common\ObjectFactory\object_item_script</Filter>
    </ClInclude>
    <ClInclude Include="object_item_single.h">
      <Filter>Common\ObjectFactory\object_item_single</Filter>
    </ClInclude>
    <ClInclude Include="object_item_single_inline.h">
      <Filter>Common\ObjectFactory\object_item_single</Filter>
    </ClInclude>
    <ClInclude Include="smart_cast.h">
      <Filter>Common\SmartCast</Filter>
    </ClInclude>
    <ClInclude Include="smart_cast_impl0.h">
      <Filter>Common\SmartCast</Filter>
    </ClInclude>
    <ClInclude Include="smart_cast_impl1.h">
      <Filter>Common\SmartCast</Filter>
    </ClInclude>
    <ClInclude Include="smart_cast_impl2.h">
      <Filter>Common\SmartCast</Filter>
    </ClInclude>
    <ClInclude Include="associative_vector.h">
      <Filter>Common\associative_vector</Filter>
    </ClInclude>
    <ClInclude Include="associative_vector_compare_predicate.h">
      <Filter>Common\associative_vector</Filter>
    </ClInclude>
    <ClInclude Include="associative_vector_compare_predicate_inline.h">
      <Filter>Common\associative_vector</Filter>
    </ClInclude>
    <ClInclude Include="associative_vector_inline.h">
      <Filter>Common\associative_vector</Filter>
    </ClInclude>
    <ClInclude Include="script_export_macroses.h">
      <Filter>Scripts</Filter>
    </ClInclude>
    <ClInclude Include="script_export_space.h">
      <Filter>Scripts</Filter>
    </ClInclude>
    <ClInclude Include="script_space.h">
      <Filter>Scripts</Filter>
    </ClInclude>
    <ClInclude Include="script_space_forward.h">
      <Filter>Scripts</Filter>
    </ClInclude>
    <ClInclude Include="script_fmatrix.h">
      <Filter>Scripts\ScriptClasses\ScriptFmatrix</Filter>
    </ClInclude>
    <ClInclude Include="script_fcolor.h">
      <Filter>Scripts\ScriptClasses\ScriptFvector</Filter>
    </ClInclude>
    <ClInclude Include="script_fvector.h">
      <Filter>Scripts\ScriptClasses\ScriptFvector</Filter>
    </ClInclude>
    <ClInclude Include="script_ini_file.h">
      <Filter>Scripts\ScriptClasses\ScriptIniFile</Filter>
    </ClInclude>
    <ClInclude Include="script_ini_file_inline.h">
      <Filter>Scripts\ScriptClasses\ScriptIniFile</Filter>
    </ClInclude>
    <ClInclude Include="script_token_list.h">
      <Filter>Scripts\ScriptClasses\ScriptIniFile\ScriptTokenList</Filter>
    </ClInclude>
    <ClInclude Include="script_token_list_inline.h">
      <Filter>Scripts\ScriptClasses\ScriptIniFile\ScriptTokenList</Filter>
    </ClInclude>
    <ClInclude Include="script_rtoken_list.h">
      <Filter>Scripts\ScriptClasses\ScriptIniFile\ScriptRTokenList</Filter>
    </ClInclude>
    <ClInclude Include="script_rtoken_list_inline.h">
      <Filter>Scripts\ScriptClasses\ScriptIniFile\ScriptRTokenList</Filter>
    </ClInclude>
    <ClInclude Include="script_net_packet.h">
      <Filter>Scripts\ScriptClasses\ScriptNetPacket</Filter>
    </ClInclude>
    <ClInclude Include="script_sound_type.h">
      <Filter>Scripts\ScriptClasses\ScriptSoundType</Filter>
    </ClInclude>
    <ClInclude Include="script_flags.h">
      <Filter>Scripts\ScriptClasses\ScriptFlags</Filter>
    </ClInclude>
    <ClInclude Include="script_reader.h">
      <Filter>Scripts\ScriptClasses\ScriptReader</Filter>
    </ClInclude>
    <ClInclude Include="script_engine.h">
      <Filter>Scripts\ScriptEngine</Filter>
    </ClInclude>
    <ClInclude Include="script_engine_export.h">
      <Filter>Scripts\ScriptEngine</Filter>
    </ClInclude>
    <ClInclude Include="script_engine_inline.h">
      <Filter>Scripts\ScriptEngine</Filter>
    </ClInclude>
    <ClInclude Include="script_engine_space.h">
      <Filter>Scripts\ScriptEngine</Filter>
    </ClInclude>
    <ClInclude Include="script_storage.h">
      <Filter>Scripts\ScriptStorage</Filter>
    </ClInclude>
    <ClInclude Include="script_storage_inline.h">
      <Filter>Scripts\ScriptStorage</Filter>
    </ClInclude>
    <ClInclude Include="script_storage_space.h">
      <Filter>Scripts\ScriptStorage</Filter>
    </ClInclude>
    <ClInclude Include="script_process.h">
      <Filter>Scripts\ScriptProcess</Filter>
    </ClInclude>
    <ClInclude Include="script_process_inline.h">
      <Filter>Scripts\ScriptProcess</Filter>
    </ClInclude>
    <ClInclude Include="script_thread.h">
      <Filter>Scripts\ScriptThread</Filter>
    </ClInclude>
    <ClInclude Include="script_thread_inline.h">
      <Filter>Scripts\ScriptThread</Filter>
    </ClInclude>
    <ClInclude Include="script_stack_tracker.h">
      <Filter>Scripts\ScriptThread\ScriptStackTracker</Filter>
    </ClInclude>
    <ClInclude Include="script_stack_tracker_inline.h">
      <Filter>Scripts\ScriptThread\ScriptStackTracker</Filter>
    </ClInclude>
    <ClInclude Include="mslotutils.h">
      <Filter>Scripts\ScriptDebugger</Filter>
    </ClInclude>
    <ClInclude Include="script_callStack.h">
      <Filter>Scripts\ScriptDebugger</Filter>
    </ClInclude>
    <ClInclude Include="script_debugger.h">
      <Filter>Scripts\ScriptDebugger</Filter>
    </ClInclude>
    <ClInclude Include="script_debugger_messages.h">
      <Filter>Scripts\ScriptDebugger</Filter>
    </ClInclude>
    <ClInclude Include="script_debugger_threads.h">
      <Filter>Scripts\ScriptDebugger</Filter>
    </ClInclude>
    <ClInclude Include="script_debugger_utils.h">
      <Filter>Scripts\ScriptDebugger</Filter>
    </ClInclude>
    <ClInclude Include="script_file.h">
      <Filter>Scripts\ScriptDebugger</Filter>
    </ClInclude>
    <ClInclude Include="script_lua_helper.h">
      <Filter>Scripts\ScriptDebugger</Filter>
    </ClInclude>
    <ClInclude Include="doug_lea_memory_allocator.h">
      <Filter>Scripts\memory_manager</Filter>
    </ClInclude>
    <ClInclude Include="alife_space.h">
      <Filter>ServerStuff\Common\ALifeStuff</Filter>
    </ClInclude>
    <ClInclude Include="game_graph_space.h">
      <Filter>ServerStuff\Common\ALifeStuff</Filter>
    </ClInclude>
    <ClInclude Include="alife_artefact_order.h">
      <Filter>ServerStuff\Common\ALifeStuff\artefact_order</Filter>
    </ClInclude>
    <ClInclude Include="alife_human_brain.h">
      <Filter>ServerStuff\Common\ALifeStuff\human_brain</Filter>
    </ClInclude>
    <ClInclude Include="alife_human_brain_inline.h">
      <Filter>ServerStuff\Common\ALifeStuff\human_brain</Filter>
    </ClInclude>
    <ClInclude Include="alife_monster_brain.h">
      <Filter>ServerStuff\Common\ALifeStuff\monster_brain</Filter>
    </ClInclude>
    <ClInclude Include="alife_monster_brain_inline.h">
      <Filter>ServerStuff\Common\ALifeStuff\monster_brain</Filter>
    </ClInclude>
    <ClInclude Include="bone.h">
      <Filter>ServerStuff\Common\GameStuff</Filter>
    </ClInclude>
    <ClInclude Include="game_base_space.h">
      <Filter>ServerStuff\Common\GameStuff</Filter>
    </ClInclude>
    <ClInclude Include="inventory_space.h">
      <Filter>ServerStuff\Common\GameStuff</Filter>
    </ClInclude>
    <ClInclude Include="client_id.h">
      <Filter>ServerStuff\Common\NetworkStuff</Filter>
    </ClInclude>
    <ClInclude Include="NET_Compressor.h">
      <Filter>ServerStuff\Common\NetworkStuff</Filter>
    </ClInclude>
    <ClInclude Include="NET_utils.h">
      <Filter>ServerStuff\Common\NetworkStuff</Filter>
    </ClInclude>
    <ClInclude Include="PHNetState.h">
      <Filter>ServerStuff\Common\PhysicsStuff</Filter>
    </ClInclude>
    <ClInclude Include="PHSynchronize.h">
      <Filter>ServerStuff\Common\PhysicsStuff</Filter>
    </ClInclude>
    <ClInclude Include="character_info.h">
      <Filter>ServerStuff\Common\ServerStuff</Filter>
    </ClInclude>
    <ClInclude Include="character_info_defs.h">
      <Filter>ServerStuff\Common\ServerStuff</Filter>
    </ClInclude>
    <ClInclude Include="shared_data.h">
      <Filter>ServerStuff\Common\ServerStuff</Filter>
    </ClInclude>
    <ClInclude Include="specific_character.h">
      <Filter>ServerStuff\Common\ServerStuff</Filter>
    </ClInclude>
    <ClInclude Include="xml_str_id_loader.h">
      <Filter>ServerStuff\Common\ServerStuff</Filter>
    </ClInclude>
    <ClInclude Include="xrMessages.h">
      <Filter>ServerStuff\Common\ServerStuff</Filter>
    </ClInclude>
    <ClInclude Include="xrServer_Space.h">
      <Filter>ServerStuff\Common\ServerStuff</Filter>
    </ClInclude>
    <ClInclude Include="xrUIXmlParser.h">
      <Filter>ServerStuff\Common\ServerStuff</Filter>
    </ClInclude>
    <ClInclude Include="InfoPortionDefs.h">
      <Filter>ServerStuff\ServerEntities</Filter>
    </ClInclude>
    <ClInclude Include="ShapeData.h">
      <Filter>ServerStuff\ServerEntities</Filter>
    </ClInclude>
    <ClInclude Include="xrServer_Objects_Abstract.h">
      <Filter>ServerStuff\ServerEntities</Filter>
    </ClInclude>
    <ClInclude Include="xrServer_Objects_ALife_All.h">
      <Filter>ServerStuff\ServerEntities</Filter>
    </ClInclude>
    <ClInclude Include="xrServer_script_macroses.h">
      <Filter>ServerStuff\ServerEntities</Filter>
    </ClInclude>
    <ClInclude Include="xrServer_Object_Base.h">
      <Filter>ServerStuff\ServerEntities\objects</Filter>
    </ClInclude>
    <ClInclude Include="xrServer_Objects.h">
      <Filter>ServerStuff\ServerEntities\objects</Filter>
    </ClInclude>
    <ClInclude Include="xrServer_Objects_ALife.h">
      <Filter>ServerStuff\ServerEntities\objects_alife</Filter>
    </ClInclude>
    <ClInclude Include="xrServer_Objects_ALife_Items.h">
      <Filter>ServerStuff\ServerEntities\objects_alife_items</Filter>
    </ClInclude>
    <ClInclude Include="xrServer_Objects_ALife_Monsters.h">
      <Filter>ServerStuff\ServerEntities\objects_alife_monsters</Filter>
    </ClInclude>
    <ClInclude Include="ChooseTypes.h">
      <Filter>ServerStuff\ServerEntities\editor_properties</Filter>
    </ClInclude>
    <ClInclude Include="ItemListTypes.h">
      <Filter>ServerStuff\ServerEntities\editor_properties</Filter>
    </ClInclude>
    <ClInclude Include="PropertiesListTypes.h">
      <Filter>ServerStuff\ServerEntities\editor_properties</Filter>
    </ClInclude>
    <ClInclude Include="Sound.h">
      <Filter>ServerStuff\ServerEntities\editor_properties</Filter>
    </ClInclude>
    <ClInclude Include="WaveForm.h">
      <Filter>ServerStuff\ServerEntities\editor_properties</Filter>
    </ClInclude>
    <ClInclude Include="xrCDB.h">
      <Filter>ServerStuff\ServerEntities\editor_properties</Filter>
    </ClInclude>
    <ClInclude Include="xrEProps.h">
      <Filter>ServerStuff\ServerEntities\editor_properties</Filter>
    </ClInclude>
    <ClInclude Include="script_value.h">
      <Filter>ServerStuff\ServerEntities\scripts\script_value</Filter>
    </ClInclude>
    <ClInclude Include="script_value_inline.h">
      <Filter>ServerStuff\ServerEntities\scripts\script_value</Filter>
    </ClInclude>
    <ClInclude Include="script_value_wrapper.h">
      <Filter>ServerStuff\ServerEntities\scripts\script_value_wrapper</Filter>
    </ClInclude>
    <ClInclude Include="script_value_wrapper_inline.h">
      <Filter>ServerStuff\ServerEntities\scripts\script_value_wrapper</Filter>
    </ClInclude>
    <ClInclude Include="script_value_container.h">
      <Filter>ServerStuff\ServerEntities\scripts\script_value_container</Filter>
    </ClInclude>
    <ClInclude Include="script_value_container_impl.h">
      <Filter>ServerStuff\ServerEntities\scripts\script_value_container</Filter>
    </ClInclude>
    <ClInclude Include="script_properties_list_helper.h">
      <Filter>ServerStuff\ServerEntities\scripts\script_properties_list_helper</Filter>
    </ClInclude>
  </ItemGroup>
  <ItemGroup>
    <ClCompile Include="stdafx.cpp">
      <Filter>Core</Filter>
    </ClCompile>
    <ClCompile Include="xr_LuaAllocator.c">
      <Filter>Core</Filter>
    </ClCompile>
    <ClCompile Include="xrSE_Factory.cpp">
      <Filter>Core</Filter>
    </ClCompile>
    <ClCompile Include="ai_space.cpp">
      <Filter>Common\ASpace</Filter>
    </ClCompile>
    <ClCompile Include="object_factory.cpp">
      <Filter>Common\ObjectFactory</Filter>
    </ClCompile>
    <ClCompile Include="object_factory_register.cpp">
      <Filter>Common\ObjectFactory</Filter>
    </ClCompile>
    <ClCompile Include="object_factory_script.cpp">
      <Filter>Common\ObjectFactory</Filter>
    </ClCompile>
    <ClCompile Include="object_item_script.cpp">
      <Filter>Common\ObjectFactory\object_item_script</Filter>
    </ClCompile>
    <ClCompile Include="smart_cast.cpp">
      <Filter>Common\SmartCast</Filter>
    </ClCompile>
    <ClCompile Include="smart_cast_stats.cpp">
      <Filter>Common\SmartCast</Filter>
    </ClCompile>
    <ClCompile Include="script_fmatrix_script.cpp">
      <Filter>Scripts\ScriptClasses\ScriptFmatrix</Filter>
    </ClCompile>
    <ClCompile Include="script_fcolor_script.cpp">
      <Filter>Scripts\ScriptClasses\ScriptFvector</Filter>
    </ClCompile>
    <ClCompile Include="script_fvector_script.cpp">
      <Filter>Scripts\ScriptClasses\ScriptFvector</Filter>
    </ClCompile>
    <ClCompile Include="script_ini_file.cpp">
      <Filter>Scripts\ScriptClasses\ScriptIniFile</Filter>
    </ClCompile>
    <ClCompile Include="script_ini_file_script.cpp">
      <Filter>Scripts\ScriptClasses\ScriptIniFile</Filter>
    </ClCompile>
    <ClCompile Include="script_token_list.cpp">
      <Filter>Scripts\ScriptClasses\ScriptIniFile\ScriptTokenList</Filter>
    </ClCompile>
    <ClCompile Include="script_token_list_script.cpp">
      <Filter>Scripts\ScriptClasses\ScriptIniFile\ScriptTokenList</Filter>
    </ClCompile>
    <ClCompile Include="script_rtoken_list_script.cpp">
      <Filter>Scripts\ScriptClasses\ScriptIniFile\ScriptRTokenList</Filter>
    </ClCompile>
    <ClCompile Include="script_net_packet_script.cpp">
      <Filter>Scripts\ScriptClasses\ScriptNetPacket</Filter>
    </ClCompile>
    <ClCompile Include="script_sound_type_script.cpp">
      <Filter>Scripts\ScriptClasses\ScriptSoundType</Filter>
    </ClCompile>
    <ClCompile Include="script_flags_script.cpp">
      <Filter>Scripts\ScriptClasses\ScriptFlags</Filter>
    </ClCompile>
    <ClCompile Include="script_reader_script.cpp">
      <Filter>Scripts\ScriptClasses\ScriptReader</Filter>
    </ClCompile>
    <ClCompile Include="script_engine.cpp">
      <Filter>Scripts\ScriptEngine</Filter>
    </ClCompile>
    <ClCompile Include="script_engine_export.cpp">
      <Filter>Scripts\ScriptEngine</Filter>
    </ClCompile>
    <ClCompile Include="script_engine_script.cpp">
      <Filter>Scripts\ScriptEngine</Filter>
    </ClCompile>
    <ClCompile Include="script_storage.cpp">
      <Filter>Scripts\ScriptStorage</Filter>
    </ClCompile>
    <ClCompile Include="script_process.cpp">
      <Filter>Scripts\ScriptProcess</Filter>
    </ClCompile>
    <ClCompile Include="script_thread.cpp">
      <Filter>Scripts\ScriptThread</Filter>
    </ClCompile>
    <ClCompile Include="script_stack_tracker.cpp">
      <Filter>Scripts\ScriptThread\ScriptStackTracker</Filter>
    </ClCompile>
    <ClCompile Include="script_callStack.cpp">
      <Filter>Scripts\ScriptDebugger</Filter>
    </ClCompile>
    <ClCompile Include="script_debugger.cpp">
      <Filter>Scripts\ScriptDebugger</Filter>
    </ClCompile>
    <ClCompile Include="script_debugger_threads.cpp">
      <Filter>Scripts\ScriptDebugger</Filter>
    </ClCompile>
    <ClCompile Include="script_debugger_utils.cpp">
      <Filter>Scripts\ScriptDebugger</Filter>
    </ClCompile>
    <ClCompile Include="script_file.cpp">
      <Filter>Scripts\ScriptDebugger</Filter>
    </ClCompile>
    <ClCompile Include="script_lua_helper.cpp">
      <Filter>Scripts\ScriptDebugger</Filter>
    </ClCompile>
    <ClCompile Include="doug_lea_memory_allocator.c">
      <Filter>Scripts\memory_manager</Filter>
    </ClCompile>
    <ClCompile Include="alife_space.cpp">
      <Filter>ServerStuff\Common\ALifeStuff</Filter>
    </ClCompile>
    <ClCompile Include="alife_artefact_order.cpp">
      <Filter>ServerStuff\Common\ALifeStuff\artefact_order</Filter>
    </ClCompile>
    <ClCompile Include="alife_human_brain.cpp">
      <Filter>ServerStuff\Common\ALifeStuff\human_brain</Filter>
    </ClCompile>
    <ClCompile Include="alife_monster_brain.cpp">
      <Filter>ServerStuff\Common\ALifeStuff\monster_brain</Filter>
    </ClCompile>
    <ClCompile Include="PHNetState.cpp">
      <Filter>ServerStuff\Common\PhysicsStuff</Filter>
    </ClCompile>
    <ClCompile Include="PHSynchronize.cpp">
      <Filter>ServerStuff\Common\PhysicsStuff</Filter>
    </ClCompile>
    <ClCompile Include="character_info.cpp">
      <Filter>ServerStuff\Common\ServerStuff</Filter>
    </ClCompile>
    <ClCompile Include="specific_character.cpp">
      <Filter>ServerStuff\Common\ServerStuff</Filter>
    </ClCompile>
    <ClCompile Include="xrUIXmlParser.cpp">
      <Filter>ServerStuff\Common\ServerStuff</Filter>
    </ClCompile>
    <ClCompile Include="xrServer_Factory.cpp">
      <Filter>ServerStuff\ServerFactory</Filter>
    </ClCompile>
    <ClCompile Include="xrServer_Objects_Abstract.cpp">
      <Filter>ServerStuff\ServerEntities</Filter>
    </ClCompile>
    <ClCompile Include="xrServer_Object_Base.cpp">
      <Filter>ServerStuff\ServerEntities\objects</Filter>
    </ClCompile>
    <ClCompile Include="xrServer_Objects.cpp">
      <Filter>ServerStuff\ServerEntities\objects</Filter>
    </ClCompile>
    <ClCompile Include="xrServer_Objects_script.cpp">
      <Filter>ServerStuff\ServerEntities\objects</Filter>
    </ClCompile>
    <ClCompile Include="xrServer_Objects_script2.cpp">
      <Filter>ServerStuff\ServerEntities\objects</Filter>
    </ClCompile>
    <ClCompile Include="xrServer_Objects_ALife.cpp">
      <Filter>ServerStuff\ServerEntities\objects_alife</Filter>
    </ClCompile>
    <ClCompile Include="xrServer_Objects_ALife_script.cpp">
      <Filter>ServerStuff\ServerEntities\objects_alife</Filter>
    </ClCompile>
    <ClCompile Include="xrServer_Objects_ALife_script2.cpp">
      <Filter>ServerStuff\ServerEntities\objects_alife</Filter>
    </ClCompile>
    <ClCompile Include="xrServer_Objects_ALife_script3.cpp">
      <Filter>ServerStuff\ServerEntities\objects_alife</Filter>
    </ClCompile>
    <ClCompile Include="xrServer_Objects_ALife_Items.cpp">
      <Filter>ServerStuff\ServerEntities\objects_alife_items</Filter>
    </ClCompile>
    <ClCompile Include="xrServer_Objects_ALife_Items_script.cpp">
      <Filter>ServerStuff\ServerEntities\objects_alife_items</Filter>
    </ClCompile>
    <ClCompile Include="xrServer_Objects_ALife_Items_script2.cpp">
      <Filter>ServerStuff\ServerEntities\objects_alife_items</Filter>
    </ClCompile>
    <ClCompile Include="xrServer_Objects_ALife_Items_script3.cpp">
      <Filter>ServerStuff\ServerEntities\objects_alife_items</Filter>
    </ClCompile>
    <ClCompile Include="xrServer_Objects_ALife_Monsters.cpp">
      <Filter>ServerStuff\ServerEntities\objects_alife_monsters</Filter>
    </ClCompile>
    <ClCompile Include="xrServer_Objects_ALife_Monsters_script.cpp">
      <Filter>ServerStuff\ServerEntities\objects_alife_monsters</Filter>
    </ClCompile>
    <ClCompile Include="xrServer_Objects_ALife_Monsters_script2.cpp">
      <Filter>ServerStuff\ServerEntities\objects_alife_monsters</Filter>
    </ClCompile>
    <ClCompile Include="xrserver_objects_alife_monsters_script3.cpp">
      <Filter>ServerStuff\ServerEntities\objects_alife_monsters</Filter>
    </ClCompile>
    <ClCompile Include="xrServer_Objects_ALife_Monsters_script4.cpp">
      <Filter>ServerStuff\ServerEntities\objects_alife_monsters</Filter>
    </ClCompile>
    <ClCompile Include="properties_list_helper_script.cpp">
      <Filter>ServerStuff\ServerEntities\scripts\script_properties_list_helper</Filter>
    </ClCompile>
    <ClCompile Include="script_properties_list_helper.cpp">
      <Filter>ServerStuff\ServerEntities\scripts\script_properties_list_helper</Filter>
    </ClCompile>
  </ItemGroup>
</Project>