<?xml version="1.0" encoding="utf-8"?>
<Project ToolsVersion="4.0" xmlns="http://schemas.microsoft.com/developer/msbuild/2003">
  <ItemGroup>
    <Filter Include="Kernel">
      <UniqueIdentifier>{f08fea5f-661b-4993-8812-a8bd39c7f70e}</UniqueIdentifier>
    </Filter>
    <Filter Include="Kernel\Resource Files">
      <UniqueIdentifier>{8fdd6a01-a99f-4ca4-bbda-b8d2a264fcaf}</UniqueIdentifier>
      <Extensions>ico;cur;bmp;dlg;rc2;rct;bin;rgs;gif;jpg;jpeg;jpe</Extensions>
    </Filter>
    <Filter Include="Kernel\Log">
      <UniqueIdentifier>{842c9a3b-151b-40b3-94d4-dac264272c0c}</UniqueIdentifier>
    </Filter>
    <Filter Include="Kernel\Generic">
      <UniqueIdentifier>{f96ef870-39b0-41de-9738-b131c75aefd3}</UniqueIdentifier>
    </Filter>
    <Filter Include="Kernel\CDB">
      <UniqueIdentifier>{d657b433-e6a6-4cdd-a412-bc633492034f}</UniqueIdentifier>
    </Filter>
    <Filter Include="Kernel\Random32">
      <UniqueIdentifier>{859a8ce7-6d5b-47bd-a2a9-b10d2366935c}</UniqueIdentifier>
    </Filter>
    <Filter Include="Compiler">
      <UniqueIdentifier>{0d35844c-51a3-4d56-b324-dc708906ada0}</UniqueIdentifier>
    </Filter>
    <Filter Include="Compiler\quad_tree">
      <UniqueIdentifier>{efacb537-5f40-4124-9464-4c2829e59b73}</UniqueIdentifier>
    </Filter>
    <Filter Include="Compiler\cover_point">
      <UniqueIdentifier>{69bf9106-bd65-4970-9ad1-8020015b7783}</UniqueIdentifier>
    </Filter>
    <Filter Include="ALife">
      <UniqueIdentifier>{34a8581e-1413-4119-9d65-ff0c72981419}</UniqueIdentifier>
    </Filter>
    <Filter Include="ALife\search">
      <UniqueIdentifier>{7e4fa8c7-bef7-4ce6-9853-ecaf4c73331f}</UniqueIdentifier>
    </Filter>
    <Filter Include="ALife\search\path_managers">
      <UniqueIdentifier>{5fc82aea-cba5-4cdb-a5f4-64ce1dc3ed06}</UniqueIdentifier>
    </Filter>
    <Filter Include="ALife\search\path_managers\path_manager_game">
      <UniqueIdentifier>{07317a91-e7f5-470f-b669-ea7f5e509807}</UniqueIdentifier>
    </Filter>
    <Filter Include="ALife\search\path_managers\path_manager_game\path_manager_game_vertex_type">
      <UniqueIdentifier>{b52c61e9-00eb-4551-a476-c891011e2959}</UniqueIdentifier>
    </Filter>
    <Filter Include="ALife\search\path_managers\path_manager_game\path_manager_game_level">
      <UniqueIdentifier>{9b294bdf-d204-4923-ab61-bb91033414a8}</UniqueIdentifier>
    </Filter>
    <Filter Include="ALife\search\path_managers\path_manager_generic">
      <UniqueIdentifier>{7de07b19-a508-4a43-a858-00a7d58b5161}</UniqueIdentifier>
    </Filter>
    <Filter Include="ALife\search\path_managers\path_manager_level">
      <UniqueIdentifier>{f0293192-f425-4849-ab60-1ab5e5d0f0bb}</UniqueIdentifier>
    </Filter>
    <Filter Include="ALife\search\path_managers\path_manager_level\path_manager_level_evaluator">
      <UniqueIdentifier>{99fb3fdc-f7c8-4491-bf48-4a3f96cd123a}</UniqueIdentifier>
    </Filter>
    <Filter Include="ALife\search\path_managers\path_manager_level\path_manager_level_flooder">
      <UniqueIdentifier>{0500ed16-cabf-4f1f-8f14-86ab759708d7}</UniqueIdentifier>
    </Filter>
    <Filter Include="ALife\search\path_managers\path_manager_level\path_manager_level_straight_line">
      <UniqueIdentifier>{c84b04a0-ec2a-4804-8309-35543c0395b9}</UniqueIdentifier>
    </Filter>
    <Filter Include="ALife\search\path_managers\path_manager_params">
      <UniqueIdentifier>{f57f60ee-74f9-445b-9d46-c564aadd7889}</UniqueIdentifier>
    </Filter>
    <Filter Include="ALife\search\algorithms">
      <UniqueIdentifier>{61c22b2a-9e6c-4e52-bceb-b505e9851b68}</UniqueIdentifier>
    </Filter>
    <Filter Include="ALife\search\algorithms\A%2a">
      <UniqueIdentifier>{aa3f8531-99a3-40cd-ac4f-f74740809a08}</UniqueIdentifier>
    </Filter>
    <Filter Include="ALife\search\algorithms\Dijkstra">
      <UniqueIdentifier>{107bb4ac-0dfe-4bb2-a9f2-893219ef39d0}</UniqueIdentifier>
    </Filter>
    <Filter Include="ALife\search\data_storages">
      <UniqueIdentifier>{44a076f2-4c99-4255-b724-4b36d3dba18c}</UniqueIdentifier>
    </Filter>
    <Filter Include="ALife\search\data_storages\algorithms">
      <UniqueIdentifier>{4ee4dd9c-6623-4004-b2db-b737c62557fa}</UniqueIdentifier>
    </Filter>
    <Filter Include="ALife\search\data_storages\algorithms\priority_queues">
      <UniqueIdentifier>{68ccb533-8271-46f5-bec0-972625a4d925}</UniqueIdentifier>
    </Filter>
    <Filter Include="ALife\search\data_storages\algorithms\priority_queues\binary_heap">
      <UniqueIdentifier>{336da0ef-b824-41c1-8a62-aecf82430f7a}</UniqueIdentifier>
    </Filter>
    <Filter Include="ALife\search\data_storages\algorithms\lists">
      <UniqueIdentifier>{5075b1bd-4241-42df-acdc-b900640366df}</UniqueIdentifier>
    </Filter>
    <Filter Include="ALife\search\data_storages\algorithms\lists\bucket_list">
      <UniqueIdentifier>{84280b6a-9339-4a56-965b-b59ec5025922}</UniqueIdentifier>
    </Filter>
    <Filter Include="ALife\search\data_storages\algorithms\lists\double_linked_list">
      <UniqueIdentifier>{2694e68a-f860-4372-abbf-988edc563fa3}</UniqueIdentifier>
    </Filter>
    <Filter Include="ALife\search\data_storages\algorithms\lists\single_linked_list">
      <UniqueIdentifier>{9e3566ba-1b31-49cf-94fb-51946b218f51}</UniqueIdentifier>
    </Filter>
    <Filter Include="ALife\search\data_storages\data_storage_constructors">
      <UniqueIdentifier>{208901d7-cde3-4ae8-bcb0-26850784853d}</UniqueIdentifier>
    </Filter>
    <Filter Include="ALife\search\data_storages\data_storage_constructors\builder_allocator">
      <UniqueIdentifier>{641c96ac-518c-40a7-ad76-eb9eb5c709d1}</UniqueIdentifier>
    </Filter>
    <Filter Include="ALife\search\data_storages\data_storage_constructors\manager_builder_allocator">
      <UniqueIdentifier>{747e0982-ed71-4a80-9889-043465f0dc43}</UniqueIdentifier>
    </Filter>
    <Filter Include="ALife\search\data_storages\path_builders">
      <UniqueIdentifier>{a52c5f82-2881-4329-bbcf-d850daf98c12}</UniqueIdentifier>
    </Filter>
    <Filter Include="ALife\search\data_storages\path_builders\edge_path">
      <UniqueIdentifier>{2900d039-f2e4-44fe-b087-952308453c28}</UniqueIdentifier>
    </Filter>
    <Filter Include="ALife\search\data_storages\path_builders\vertex_path">
      <UniqueIdentifier>{e60bf51f-d6bc-48ac-ae1a-f80c7ecba841}</UniqueIdentifier>
    </Filter>
    <Filter Include="ALife\search\data_storages\vertex_allocators">
      <UniqueIdentifier>{911de1ae-b1ac-4f86-a77f-65aacf6cf8d6}</UniqueIdentifier>
    </Filter>
    <Filter Include="ALife\search\data_storages\vertex_allocators\fixed">
      <UniqueIdentifier>{18ee968e-7bf4-4088-8686-f35870f1add9}</UniqueIdentifier>
    </Filter>
    <Filter Include="ALife\search\data_storages\vertex_managers">
      <UniqueIdentifier>{808f5fdd-647e-4c76-a1ce-29ec175db388}</UniqueIdentifier>
    </Filter>
    <Filter Include="ALife\search\data_storages\vertex_managers\fixed">
      <UniqueIdentifier>{0a3ad963-a2c0-4095-87a4-5dd15cb9ddb2}</UniqueIdentifier>
    </Filter>
    <Filter Include="ALife\search\data_storages\vertex_managers\hash_fixed">
      <UniqueIdentifier>{c607393a-566f-4a28-88f6-3b693f8ba78b}</UniqueIdentifier>
    </Filter>
    <Filter Include="ALife\search\graphs">
      <UniqueIdentifier>{5cb3fb0f-752c-4af8-b30c-1e33d6d98e62}</UniqueIdentifier>
    </Filter>
    <Filter Include="ALife\search\graphs\abstract_graph">
      <UniqueIdentifier>{7546e072-b254-425e-a56e-cdb76f24db6b}</UniqueIdentifier>
    </Filter>
    <Filter Include="ALife\search\graphs\abstract_graph\graph_edge">
      <UniqueIdentifier>{0ee62794-0f85-43cd-8d12-d24bfaafde66}</UniqueIdentifier>
    </Filter>
    <Filter Include="ALife\search\graphs\abstract_graph\graph_vertex">
      <UniqueIdentifier>{bc23e02b-2485-436f-9820-e725e825116a}</UniqueIdentifier>
    </Filter>
    <Filter Include="ALife\search\graphs\cross_table">
      <UniqueIdentifier>{bfc80a6d-29cf-48bd-8b14-2488e767b47f}</UniqueIdentifier>
    </Filter>
    <Filter Include="ALife\search\graphs\game_graph">
      <UniqueIdentifier>{3250692b-8f24-40b4-a290-8cdbac636366}</UniqueIdentifier>
    </Filter>
    <Filter Include="ALife\search\graphs\level_graph">
      <UniqueIdentifier>{42265cf2-4d2b-4265-9701-3aecb65d5c01}</UniqueIdentifier>
    </Filter>
    <Filter Include="ALife\search\graph_engine">
      <UniqueIdentifier>{7d8a3bf3-5561-450d-bef3-7735d2639799}</UniqueIdentifier>
    </Filter>
    <Filter Include="ALife\Cross">
      <UniqueIdentifier>{8667f46f-c826-4c99-861d-eafe75afeba1}</UniqueIdentifier>
    </Filter>
    <Filter Include="ALife\Graph">
      <UniqueIdentifier>{22a8da22-87e0-40bc-8916-d8d55b14157f}</UniqueIdentifier>
    </Filter>
    <Filter Include="ALife\Merge">
      <UniqueIdentifier>{dc8da2a2-1060-4992-9f93-16e1149e9e22}</UniqueIdentifier>
    </Filter>
    <Filter Include="ALife\Shared">
      <UniqueIdentifier>{aaf7754e-8bdc-45e0-9469-f6524d712cc1}</UniqueIdentifier>
    </Filter>
    <Filter Include="ALife\Shared\ALife">
      <UniqueIdentifier>{26366d37-e44d-42a8-8ba8-00be03361677}</UniqueIdentifier>
    </Filter>
    <Filter Include="ALife\Shared\ALife\alife_artefact_order">
      <UniqueIdentifier>{c7f1a769-a2f7-476f-916c-0c894ffd7655}</UniqueIdentifier>
    </Filter>
    <Filter Include="ALife\Shared\ALife\alife_human_brain">
      <UniqueIdentifier>{95106283-6e3a-49e8-ad1a-61a861173765}</UniqueIdentifier>
    </Filter>
    <Filter Include="ALife\Shared\ALife\alife_monster_brain">
      <UniqueIdentifier>{a3bdc15c-2dca-4fb2-98d8-efb18546c83f}</UniqueIdentifier>
    </Filter>
    <Filter Include="ALife\Shared\ALife\alife_space">
      <UniqueIdentifier>{6182aad6-76ce-4634-9e19-a52a69e1d7be}</UniqueIdentifier>
    </Filter>
    <Filter Include="ALife\Shared\ServerEntities">
      <UniqueIdentifier>{2f6549b7-ad1c-4f96-87f8-c8d2c9b5baaa}</UniqueIdentifier>
    </Filter>
    <Filter Include="ALife\Shared\Server">
      <UniqueIdentifier>{bce0f371-3a6a-43b8-a86c-68cda443f6ad}</UniqueIdentifier>
    </Filter>
    <Filter Include="ALife\Shared\ObjectBroker">
      <UniqueIdentifier>{8a3dfbfc-ca9e-41bf-8804-1087b7ba778d}</UniqueIdentifier>
    </Filter>
    <Filter Include="ALife\Shared\Common">
      <UniqueIdentifier>{96ff62eb-ea85-4da0-9cb8-667380b332b0}</UniqueIdentifier>
    </Filter>
    <Filter Include="ALife\Shared\IntrusivePtr">
      <UniqueIdentifier>{0217ca25-04d5-4e8d-8b1f-538bdb52b594}</UniqueIdentifier>
    </Filter>
    <Filter Include="ALife\Shared\associative_vector">
      <UniqueIdentifier>{f3019d77-83be-4eee-8cda-93738187dc89}</UniqueIdentifier>
    </Filter>
    <Filter Include="ALife\Spawn">
      <UniqueIdentifier>{9a198aa9-d52b-434b-9f0c-e485c76fcede}</UniqueIdentifier>
    </Filter>
    <Filter Include="ALife\Spawn\game_spawn_constructor">
      <UniqueIdentifier>{d419124c-7bdf-45b4-bf02-3743a8078560}</UniqueIdentifier>
    </Filter>
    <Filter Include="ALife\Spawn\level_spawn_constructor">
      <UniqueIdentifier>{56ea360f-fa17-4331-af05-63a84941cd7d}</UniqueIdentifier>
    </Filter>
    <Filter Include="ALife\Spawn\level_spawn_constructor\space_restrictor_wrapper">
      <UniqueIdentifier>{719546a7-4c81-4658-85df-433bf8eec04b}</UniqueIdentifier>
    </Filter>
    <Filter Include="ALife\Spawn\server_entity_wrapper">
      <UniqueIdentifier>{ee85181b-51da-4fe0-96fe-2752353236f1}</UniqueIdentifier>
    </Filter>
    <Filter Include="ALife\Spawn\patrol_paths">
      <UniqueIdentifier>{16b66c71-ab54-430b-bbce-103967b50732}</UniqueIdentifier>
    </Filter>
    <Filter Include="ALife\Spawn\patrol_paths\patrol_path">
      <UniqueIdentifier>{8016cbb7-98e1-4b54-ae13-7d9d23700439}</UniqueIdentifier>
    </Filter>
    <Filter Include="ALife\Spawn\patrol_paths\patrol_path_storage">
      <UniqueIdentifier>{871f7cd2-f3fd-484e-90f0-fb28eb5acb12}</UniqueIdentifier>
    </Filter>
    <Filter Include="ALife\Spawn\patrol_paths\patrol_point">
      <UniqueIdentifier>{e27b9c28-d8ea-417a-86d3-0ab0c205e803}</UniqueIdentifier>
    </Filter>
    <Filter Include="ALife\Spawn\spawn_patcher">
      <UniqueIdentifier>{4c5a8f66-4d08-4e17-95c4-2f2c76c7303f}</UniqueIdentifier>
    </Filter>
    <Filter Include="ALife\Verify">
      <UniqueIdentifier>{b59ba4d6-5762-447f-b481-cbdff68e5a8a}</UniqueIdentifier>
    </Filter>
    <Filter Include="ALife\guid_generator">
      <UniqueIdentifier>{dda84ecb-f13e-49a7-a34a-c9de236103f8}</UniqueIdentifier>
    </Filter>
  </ItemGroup>
  <ItemGroup>
    <ClInclude Include="communicate.h">
      <Filter>Kernel</Filter>
    </ClInclude>
    <ClInclude Include="defines.h">
      <Filter>Kernel</Filter>
    </ClInclude>
    <ClInclude Include="factory_api.h">
      <Filter>Kernel</Filter>
    </ClInclude>
    <ClInclude Include="FastDelegate.h">
      <Filter>Kernel</Filter>
    </ClInclude>
    <ClInclude Include="StdAfx.h">
      <Filter>Kernel</Filter>
    </ClInclude>
    <ClInclude Include="tga.h">
      <Filter>Kernel</Filter>
    </ClInclude>
    <ClInclude Include="xrAI.h">
      <Filter>Kernel</Filter>
    </ClInclude>
    <ClInclude Include="xrShaderTypes.h">
      <Filter>Kernel</Filter>
    </ClInclude>
    <ClInclude Include="xrThread.h">
      <Filter>Kernel</Filter>
    </ClInclude>
    <ClInclude Include="resource.h">
      <Filter>Kernel\Resource Files</Filter>
    </ClInclude>
    <ClInclude Include="cl_log.h">
      <Filter>Kernel\Log</Filter>
    </ClInclude>
    <ClInclude Include="_d3d_extensions.h">
      <Filter>Kernel\Generic</Filter>
    </ClInclude>
    <ClInclude Include="FTimer.h">
      <Filter>Kernel\Generic</Filter>
    </ClInclude>
    <ClInclude Include="light.h">
      <Filter>Kernel\Generic</Filter>
    </ClInclude>
    <ClInclude Include="std_classes.h">
      <Filter>Kernel\Generic</Filter>
    </ClInclude>
    <ClInclude Include="cl_collector.h">
      <Filter>Kernel\CDB</Filter>
    </ClInclude>
    <ClInclude Include="cl_intersect.h">
      <Filter>Kernel\CDB</Filter>
    </ClInclude>
    <ClInclude Include="xrCDB.h">
      <Filter>Kernel\CDB</Filter>
    </ClInclude>
    <ClInclude Include="random32.h">
      <Filter>Kernel\Random32</Filter>
    </ClInclude>
    <ClInclude Include="AIMapExport.h">
      <Filter>Compiler</Filter>
    </ClInclude>
    <ClInclude Include="compiler.h">
      <Filter>Compiler</Filter>
    </ClInclude>
    <ClInclude Include="ETextureParams.h">
      <Filter>Compiler</Filter>
    </ClInclude>
    <ClInclude Include="LevelGameDef.h">
      <Filter>Compiler</Filter>
    </ClInclude>
    <ClInclude Include="motion_simulator.h">
      <Filter>Compiler</Filter>
    </ClInclude>
    <ClInclude Include="Shader_xrLC.h">
      <Filter>Compiler</Filter>
    </ClInclude>
    <ClInclude Include="xrLevel.h">
      <Filter>Compiler</Filter>
    </ClInclude>
    <ClInclude Include="quadtree.h">
      <Filter>Compiler\quad_tree</Filter>
    </ClInclude>
    <ClInclude Include="quadtree_inline.h">
      <Filter>Compiler\quad_tree</Filter>
    </ClInclude>
    <ClInclude Include="cover_point.h">
      <Filter>Compiler\cover_point</Filter>
    </ClInclude>
    <ClInclude Include="cover_point_inline.h">
      <Filter>Compiler\cover_point</Filter>
    </ClInclude>
    <ClInclude Include="path_manager.h">
      <Filter>ALife\search\path_managers</Filter>
    </ClInclude>
    <ClInclude Include="path_manager_game.h">
      <Filter>ALife\search\path_managers\path_manager_game</Filter>
    </ClInclude>
    <ClInclude Include="path_manager_game_inline.h">
      <Filter>ALife\search\path_managers\path_manager_game</Filter>
    </ClInclude>
    <ClInclude Include="path_manager_game_vertex_type.h">
      <Filter>ALife\search\path_managers\path_manager_game\path_manager_game_vertex_type</Filter>
    </ClInclude>
    <ClInclude Include="path_manager_game_vertex_type_inline.h">
      <Filter>ALife\search\path_managers\path_manager_game\path_manager_game_vertex_type</Filter>
    </ClInclude>
    <ClInclude Include="path_manager_game_level.h">
      <Filter>ALife\search\path_managers\path_manager_game\path_manager_game_level</Filter>
    </ClInclude>
    <ClInclude Include="path_manager_game_level_inline.h">
      <Filter>ALife\search\path_managers\path_manager_game\path_manager_game_level</Filter>
    </ClInclude>
    <ClInclude Include="path_manager_generic.h">
      <Filter>ALife\search\path_managers\path_manager_generic</Filter>
    </ClInclude>
    <ClInclude Include="path_manager_generic_inline.h">
      <Filter>ALife\search\path_managers\path_manager_generic</Filter>
    </ClInclude>
    <ClInclude Include="path_manager_level.h">
      <Filter>ALife\search\path_managers\path_manager_level</Filter>
    </ClInclude>
    <ClInclude Include="path_manager_level_inline.h">
      <Filter>ALife\search\path_managers\path_manager_level</Filter>
    </ClInclude>
    <ClInclude Include="path_manager_level_evaluator.h">
      <Filter>ALife\search\path_managers\path_manager_level\path_manager_level_evaluator</Filter>
    </ClInclude>
    <ClInclude Include="path_manager_level_evaluator_inline.h">
      <Filter>ALife\search\path_managers\path_manager_level\path_manager_level_evaluator</Filter>
    </ClInclude>
    <ClInclude Include="path_manager_level_flooder.h">
      <Filter>ALife\search\path_managers\path_manager_level\path_manager_level_flooder</Filter>
    </ClInclude>
    <ClInclude Include="path_manager_level_flooder_inline.h">
      <Filter>ALife\search\path_managers\path_manager_level\path_manager_level_flooder</Filter>
    </ClInclude>
    <ClInclude Include="path_manager_level_straight_line.h">
      <Filter>ALife\search\path_managers\path_manager_level\path_manager_level_straight_line</Filter>
    </ClInclude>
    <ClInclude Include="path_manager_level_straight_line_inline.h">
      <Filter>ALife\search\path_managers\path_manager_level\path_manager_level_straight_line</Filter>
    </ClInclude>
    <ClInclude Include="path_manager_params.h">
      <Filter>ALife\search\path_managers\path_manager_params</Filter>
    </ClInclude>
    <ClInclude Include="path_manager_params_flooder.h">
      <Filter>ALife\search\path_managers\path_manager_params</Filter>
    </ClInclude>
    <ClInclude Include="path_manager_params_game_level.h">
      <Filter>ALife\search\path_managers\path_manager_params</Filter>
    </ClInclude>
    <ClInclude Include="path_manager_params_straight_line.h">
      <Filter>ALife\search\path_managers\path_manager_params</Filter>
    </ClInclude>
    <ClInclude Include="a_star.h">
      <Filter>ALife\search\algorithms\A%2a</Filter>
    </ClInclude>
    <ClInclude Include="a_star_inline.h">
      <Filter>ALife\search\algorithms\A%2a</Filter>
    </ClInclude>
    <ClInclude Include="dijkstra.h">
      <Filter>ALife\search\algorithms\Dijkstra</Filter>
    </ClInclude>
    <ClInclude Include="dijkstra_inline.h">
      <Filter>ALife\search\algorithms\Dijkstra</Filter>
    </ClInclude>
    <ClInclude Include="data_storage_binary_heap.h">
      <Filter>ALife\search\data_storages\algorithms\priority_queues\binary_heap</Filter>
    </ClInclude>
    <ClInclude Include="data_storage_binary_heap_inline.h">
      <Filter>ALife\search\data_storages\algorithms\priority_queues\binary_heap</Filter>
    </ClInclude>
    <ClInclude Include="data_storage_bucket_list.h">
      <Filter>ALife\search\data_storages\algorithms\lists\bucket_list</Filter>
    </ClInclude>
    <ClInclude Include="data_storage_bucket_list_inline.h">
      <Filter>ALife\search\data_storages\algorithms\lists\bucket_list</Filter>
    </ClInclude>
    <ClInclude Include="data_storage_double_linked_list.h">
      <Filter>ALife\search\data_storages\algorithms\lists\double_linked_list</Filter>
    </ClInclude>
    <ClInclude Include="data_storage_double_linked_list_inline.h">
      <Filter>ALife\search\data_storages\algorithms\lists\double_linked_list</Filter>
    </ClInclude>
    <ClInclude Include="data_storage_single_linked_list.h">
      <Filter>ALife\search\data_storages\algorithms\lists\single_linked_list</Filter>
    </ClInclude>
    <ClInclude Include="data_storage_single_linked_list_inline.h">
      <Filter>ALife\search\data_storages\algorithms\lists\single_linked_list</Filter>
    </ClInclude>
    <ClInclude Include="data_storage_constructor.h">
      <Filter>ALife\search\data_storages\data_storage_constructors</Filter>
    </ClInclude>
    <ClInclude Include="builder_allocator_constructor.h">
      <Filter>ALife\search\data_storages\data_storage_constructors\builder_allocator</Filter>
    </ClInclude>
    <ClInclude Include="builder_allocator_constructor_inline.h">
      <Filter>ALife\search\data_storages\data_storage_constructors\builder_allocator</Filter>
    </ClInclude>
    <ClInclude Include="manager_builder_allocator_constructor.h">
      <Filter>ALife\search\data_storages\data_storage_constructors\manager_builder_allocator</Filter>
    </ClInclude>
    <ClInclude Include="manager_builder_allocator_constructor_inline.h">
      <Filter>ALife\search\data_storages\data_storage_constructors\manager_builder_allocator</Filter>
    </ClInclude>
    <ClInclude Include="edge_path.h">
      <Filter>ALife\search\data_storages\path_builders\edge_path</Filter>
    </ClInclude>
    <ClInclude Include="edge_path_inline.h">
      <Filter>ALife\search\data_storages\path_builders\edge_path</Filter>
    </ClInclude>
    <ClInclude Include="vertex_path.h">
      <Filter>ALife\search\data_storages\path_builders\vertex_path</Filter>
    </ClInclude>
    <ClInclude Include="vertex_path_inline.h">
      <Filter>ALife\search\data_storages\path_builders\vertex_path</Filter>
    </ClInclude>
    <ClInclude Include="vertex_allocator_fixed.h">
      <Filter>ALife\search\data_storages\vertex_allocators\fixed</Filter>
    </ClInclude>
    <ClInclude Include="vertex_allocator_fixed_inline.h">
      <Filter>ALife\search\data_storages\vertex_allocators\fixed</Filter>
    </ClInclude>
    <ClInclude Include="vertex_manager_fixed.h">
      <Filter>ALife\search\data_storages\vertex_managers\fixed</Filter>
    </ClInclude>
    <ClInclude Include="vertex_manager_fixed_inline.h">
      <Filter>ALife\search\data_storages\vertex_managers\fixed</Filter>
    </ClInclude>
    <ClInclude Include="vertex_manager_hash_fixed.h">
      <Filter>ALife\search\data_storages\vertex_managers\hash_fixed</Filter>
    </ClInclude>
    <ClInclude Include="vertex_manager_hash_fixed_inline.h">
      <Filter>ALife\search\data_storages\vertex_managers\hash_fixed</Filter>
    </ClInclude>
    <ClInclude Include="graph_abstract.h">
      <Filter>ALife\search\graphs\abstract_graph</Filter>
    </ClInclude>
    <ClInclude Include="graph_abstract_inline.h">
      <Filter>ALife\search\graphs\abstract_graph</Filter>
    </ClInclude>
    <ClInclude Include="graph_edge.h">
      <Filter>ALife\search\graphs\abstract_graph\graph_edge</Filter>
    </ClInclude>
    <ClInclude Include="graph_edge_inline.h">
      <Filter>ALife\search\graphs\abstract_graph\graph_edge</Filter>
    </ClInclude>
    <ClInclude Include="graph_vertex.h">
      <Filter>ALife\search\graphs\abstract_graph\graph_vertex</Filter>
    </ClInclude>
    <ClInclude Include="graph_vertex_inline.h">
      <Filter>ALife\search\graphs\abstract_graph\graph_vertex</Filter>
    </ClInclude>
    <ClInclude Include="game_level_cross_table.h">
      <Filter>ALife\search\graphs\cross_table</Filter>
    </ClInclude>
    <ClInclude Include="game_level_cross_table_inline.h">
      <Filter>ALife\search\graphs\cross_table</Filter>
    </ClInclude>
    <ClInclude Include="game_graph.h">
      <Filter>ALife\search\graphs\game_graph</Filter>
    </ClInclude>
    <ClInclude Include="game_graph_inline.h">
      <Filter>ALife\search\graphs\game_graph</Filter>
    </ClInclude>
    <ClInclude Include="game_graph_space.h">
      <Filter>ALife\search\graphs\game_graph</Filter>
    </ClInclude>
    <ClInclude Include="level_graph.h">
      <Filter>ALife\search\graphs\level_graph</Filter>
    </ClInclude>
    <ClInclude Include="level_graph_inline.h">
      <Filter>ALife\search\graphs\level_graph</Filter>
    </ClInclude>
    <ClInclude Include="level_graph_space.h">
      <Filter>ALife\search\graphs\level_graph</Filter>
    </ClInclude>
    <ClInclude Include="level_graph_vertex_inline.h">
      <Filter>ALife\search\graphs\level_graph</Filter>
    </ClInclude>
    <ClInclude Include="graph_engine.h">
      <Filter>ALife\search\graph_engine</Filter>
    </ClInclude>
    <ClInclude Include="graph_engine_inline.h">
      <Filter>ALife\search\graph_engine</Filter>
    </ClInclude>
    <ClInclude Include="graph_engine_space.h">
      <Filter>ALife\search\graph_engine</Filter>
    </ClInclude>
    <ClInclude Include="xrCrossTable.h">
      <Filter>ALife\Cross</Filter>
    </ClInclude>
    <ClInclude Include="game_graph_builder.h">
      <Filter>ALife\Graph</Filter>
    </ClInclude>
    <ClInclude Include="game_graph_builder_inline.h">
      <Filter>ALife\Graph</Filter>
    </ClInclude>
    <ClInclude Include="xr_graph_merge.h">
      <Filter>ALife\Merge</Filter>
    </ClInclude>
    <ClInclude Include="restriction_space.h">
      <Filter>ALife\Shared</Filter>
    </ClInclude>
    <ClInclude Include="Sound.h">
      <Filter>ALife\Shared</Filter>
    </ClInclude>
    <ClInclude Include="alife_artefact_order.h">
      <Filter>ALife\Shared\ALife\alife_artefact_order</Filter>
    </ClInclude>
    <ClInclude Include="alife_human_brain.h">
      <Filter>ALife\Shared\ALife\alife_human_brain</Filter>
    </ClInclude>
    <ClInclude Include="alife_human_brain_inline.h">
      <Filter>ALife\Shared\ALife\alife_human_brain</Filter>
    </ClInclude>
    <ClInclude Include="alife_monster_brain.h">
      <Filter>ALife\Shared\ALife\alife_monster_brain</Filter>
    </ClInclude>
    <ClInclude Include="alife_monster_brain_inline.h">
      <Filter>ALife\Shared\ALife\alife_monster_brain</Filter>
    </ClInclude>
    <ClInclude Include="alife_space.h">
      <Filter>ALife\Shared\ALife\alife_space</Filter>
    </ClInclude>
    <ClInclude Include="bone.h">
      <Filter>ALife\Shared\ServerEntities</Filter>
    </ClInclude>
    <ClInclude Include="character_info_defs.h">
      <Filter>ALife\Shared\ServerEntities</Filter>
    </ClInclude>
    <ClInclude Include="ChooseTypes.h">
      <Filter>ALife\Shared\ServerEntities</Filter>
    </ClInclude>
    <ClInclude Include="DrawUtils.h">
      <Filter>ALife\Shared\ServerEntities</Filter>
    </ClInclude>
    <ClInclude Include="InfoPortionDefs.h">
      <Filter>ALife\Shared\ServerEntities</Filter>
    </ClInclude>
    <ClInclude Include="inventory_space.h">
      <Filter>ALife\Shared\ServerEntities</Filter>
    </ClInclude>
    <ClInclude Include="ItemListTypes.h">
      <Filter>ALife\Shared\ServerEntities</Filter>
    </ClInclude>
    <ClInclude Include="PropertiesListHelper.h">
      <Filter>ALife\Shared\ServerEntities</Filter>
    </ClInclude>
    <ClInclude Include="PropertiesListTypes.h">
      <Filter>ALife\Shared\ServerEntities</Filter>
    </ClInclude>
    <ClInclude Include="script_export_space.h">
      <Filter>ALife\Shared\ServerEntities</Filter>
    </ClInclude>
    <ClInclude Include="script_value_container.h">
      <Filter>ALife\Shared\ServerEntities</Filter>
    </ClInclude>
    <ClInclude Include="script_value_container_impl.h">
      <Filter>ALife\Shared\ServerEntities</Filter>
    </ClInclude>
    <ClInclude Include="ShapeData.h">
      <Filter>ALife\Shared\ServerEntities</Filter>
    </ClInclude>
    <ClInclude Include="WaveForm.h">
      <Filter>ALife\Shared\ServerEntities</Filter>
    </ClInclude>
    <ClInclude Include="xrEProps.h">
      <Filter>ALife\Shared\ServerEntities</Filter>
    </ClInclude>
    <ClInclude Include="xrServer_Object_Base.h">
      <Filter>ALife\Shared\ServerEntities</Filter>
    </ClInclude>
    <ClInclude Include="xrServer_Objects.h">
      <Filter>ALife\Shared\ServerEntities</Filter>
    </ClInclude>
    <ClInclude Include="xrServer_Objects_Abstract.h">
      <Filter>ALife\Shared\ServerEntities</Filter>
    </ClInclude>
    <ClInclude Include="xrServer_Objects_ALife.h">
      <Filter>ALife\Shared\ServerEntities</Filter>
    </ClInclude>
    <ClInclude Include="xrServer_Objects_ALife_All.h">
      <Filter>ALife\Shared\ServerEntities</Filter>
    </ClInclude>
    <ClInclude Include="xrServer_Objects_ALife_Items.h">
      <Filter>ALife\Shared\ServerEntities</Filter>
    </ClInclude>
    <ClInclude Include="xrServer_Objects_ALife_Monsters.h">
      <Filter>ALife\Shared\ServerEntities</Filter>
    </ClInclude>
    <ClInclude Include="xrServer_Space.h">
      <Filter>ALife\Shared\ServerEntities</Filter>
    </ClInclude>
    <ClInclude Include="client_id.h">
      <Filter>ALife\Shared\Server</Filter>
    </ClInclude>
    <ClInclude Include="game_base_space.h">
      <Filter>ALife\Shared\Server</Filter>
    </ClInclude>
    <ClInclude Include="NET_Compressor.h">
      <Filter>ALife\Shared\Server</Filter>
    </ClInclude>
    <ClInclude Include="NET_utils.h">
      <Filter>ALife\Shared\Server</Filter>
    </ClInclude>
    <ClInclude Include="PHNetState.h">
      <Filter>ALife\Shared\Server</Filter>
    </ClInclude>
    <ClInclude Include="PHSynchronize.h">
      <Filter>ALife\Shared\Server</Filter>
    </ClInclude>
    <ClInclude Include="xrMessages.h">
      <Filter>ALife\Shared\Server</Filter>
    </ClInclude>
    <ClInclude Include="object_broker.h">
      <Filter>ALife\Shared\ObjectBroker</Filter>
    </ClInclude>
    <ClInclude Include="object_cloner.h">
      <Filter>ALife\Shared\ObjectBroker</Filter>
    </ClInclude>
    <ClInclude Include="object_comparer.h">
      <Filter>ALife\Shared\ObjectBroker</Filter>
    </ClInclude>
    <ClInclude Include="object_destroyer.h">
      <Filter>ALife\Shared\ObjectBroker</Filter>
    </ClInclude>
    <ClInclude Include="object_interfaces.h">
      <Filter>ALife\Shared\ObjectBroker</Filter>
    </ClInclude>
    <ClInclude Include="object_loader.h">
      <Filter>ALife\Shared\ObjectBroker</Filter>
    </ClInclude>
    <ClInclude Include="object_saver.h">
      <Filter>ALife\Shared\ObjectBroker</Filter>
    </ClInclude>
    <ClInclude Include="object_type_traits.h">
      <Filter>ALife\Shared\ObjectBroker</Filter>
    </ClInclude>
    <ClInclude Include="clsid_game.h">
      <Filter>ALife\Shared\Common</Filter>
    </ClInclude>
    <ClInclude Include="profiler.h">
      <Filter>ALife\Shared\Common</Filter>
    </ClInclude>
    <ClInclude Include="smart_cast.h">
      <Filter>ALife\Shared\Common</Filter>
    </ClInclude>
    <ClInclude Include="smart_cast_impl0.h">
      <Filter>ALife\Shared\Common</Filter>
    </ClInclude>
    <ClInclude Include="smart_cast_impl1.h">
      <Filter>ALife\Shared\Common</Filter>
    </ClInclude>
    <ClInclude Include="smart_cast_impl2.h">
      <Filter>ALife\Shared\Common</Filter>
    </ClInclude>
    <ClInclude Include="intrusive_ptr.h">
      <Filter>ALife\Shared\IntrusivePtr</Filter>
    </ClInclude>
    <ClInclude Include="intrusive_ptr_inline.h">
      <Filter>ALife\Shared\IntrusivePtr</Filter>
    </ClInclude>
    <ClInclude Include="associative_vector.h">
      <Filter>ALife\Shared\associative_vector</Filter>
    </ClInclude>
    <ClInclude Include="associative_vector_compare_predicate.h">
      <Filter>ALife\Shared\associative_vector</Filter>
    </ClInclude>
    <ClInclude Include="associative_vector_compare_predicate_inline.h">
      <Filter>ALife\Shared\associative_vector</Filter>
    </ClInclude>
    <ClInclude Include="associative_vector_inline.h">
      <Filter>ALife\Shared\associative_vector</Filter>
    </ClInclude>
    <ClInclude Include="spawn_constructor_space.h">
      <Filter>ALife\Spawn</Filter>
    </ClInclude>
    <ClInclude Include="game_spawn_constructor.h">
      <Filter>ALife\Spawn\game_spawn_constructor</Filter>
    </ClInclude>
    <ClInclude Include="game_spawn_constructor_inline.h">
      <Filter>ALife\Spawn\game_spawn_constructor</Filter>
    </ClInclude>
    <ClInclude Include="level_spawn_constructor.h">
      <Filter>ALife\Spawn\level_spawn_constructor</Filter>
    </ClInclude>
    <ClInclude Include="level_spawn_constructor_inline.h">
      <Filter>ALife\Spawn\level_spawn_constructor</Filter>
    </ClInclude>
    <ClInclude Include="space_restrictor_wrapper.h">
      <Filter>ALife\Spawn\level_spawn_constructor\space_restrictor_wrapper</Filter>
    </ClInclude>
    <ClInclude Include="space_restrictor_wrapper_inline.h">
      <Filter>ALife\Spawn\level_spawn_constructor\space_restrictor_wrapper</Filter>
    </ClInclude>
    <ClInclude Include="server_entity_wrapper.h">
      <Filter>ALife\Spawn\server_entity_wrapper</Filter>
    </ClInclude>
    <ClInclude Include="server_entity_wrapper_inline.h">
      <Filter>ALife\Spawn\server_entity_wrapper</Filter>
    </ClInclude>
    <ClInclude Include="patrol_path.h">
      <Filter>ALife\Spawn\patrol_paths\patrol_path</Filter>
    </ClInclude>
    <ClInclude Include="patrol_path_inline.h">
      <Filter>ALife\Spawn\patrol_paths\patrol_path</Filter>
    </ClInclude>
    <ClInclude Include="patrol_path_storage.h">
      <Filter>ALife\Spawn\patrol_paths\patrol_path_storage</Filter>
    </ClInclude>
    <ClInclude Include="patrol_path_storage_inline.h">
      <Filter>ALife\Spawn\patrol_paths\patrol_path_storage</Filter>
    </ClInclude>
    <ClInclude Include="patrol_point.h">
      <Filter>ALife\Spawn\patrol_paths\patrol_point</Filter>
    </ClInclude>
    <ClInclude Include="patrol_point_inline.h">
      <Filter>ALife\Spawn\patrol_paths\patrol_point</Filter>
    </ClInclude>
    <ClInclude Include="spawn_patcher.h">
      <Filter>ALife\Spawn\spawn_patcher</Filter>
    </ClInclude>
    <ClInclude Include="guid_generator.h">
      <Filter>ALife\guid_generator</Filter>
    </ClInclude>
  </ItemGroup>
  <ItemGroup>
    <ClCompile Include="StdAfx.cpp">
      <Filter>Kernel</Filter>
    </ClCompile>
    <ClCompile Include="tga.cpp">
      <Filter>Kernel</Filter>
    </ClCompile>
    <ClCompile Include="xrAI.cpp">
      <Filter>Kernel</Filter>
    </ClCompile>
    <ClCompile Include="xrThread.cpp">
      <Filter>Kernel</Filter>
    </ClCompile>
    <ClCompile Include="cl_log.cpp">
      <Filter>Kernel\Log</Filter>
    </ClCompile>
    <ClCompile Include="cl_collector.cpp">
      <Filter>Kernel\CDB</Filter>
    </ClCompile>
    <ClCompile Include="random32.cpp">
      <Filter>Kernel\Random32</Filter>
    </ClCompile>
    <ClCompile Include="_buildnodes_view.cpp">
      <Filter>Compiler</Filter>
    </ClCompile>
    <ClCompile Include="compiler.cpp">
      <Filter>Compiler</Filter>
    </ClCompile>
    <ClCompile Include="compiler_build.cpp">
      <Filter>Compiler</Filter>
    </ClCompile>
    <ClCompile Include="compiler_cover.cpp">
      <Filter>Compiler</Filter>
    </ClCompile>
    <ClCompile Include="compiler_display.cpp">
      <Filter>Compiler</Filter>
    </ClCompile>
    <ClCompile Include="compiler_light.cpp">
      <Filter>Compiler</Filter>
    </ClCompile>
    <ClCompile Include="compiler_link.cpp">
      <Filter>Compiler</Filter>
    </ClCompile>
    <ClCompile Include="compiler_load.cpp">
      <Filter>Compiler</Filter>
    </ClCompile>
    <ClCompile Include="compiler_merge.cpp">
      <Filter>Compiler</Filter>
    </ClCompile>
    <ClCompile Include="compiler_palettize_covers.cpp">
      <Filter>Compiler</Filter>
    </ClCompile>
    <ClCompile Include="compiler_save.cpp">
      <Filter>Compiler</Filter>
    </ClCompile>
    <ClCompile Include="compiler_smooth.cpp">
      <Filter>Compiler</Filter>
    </ClCompile>
    <ClCompile Include="motion_simulator.cpp">
      <Filter>Compiler</Filter>
    </ClCompile>
    <ClCompile Include="..\xr_3da\xrLoadSurface.cpp">
      <Filter>Compiler</Filter>
    </ClCompile>
    <ClCompile Include="level_graph.cpp">
      <Filter>ALife\search\graphs\level_graph</Filter>
    </ClCompile>
    <ClCompile Include="level_graph_vertex.cpp">
      <Filter>ALife\search\graphs\level_graph</Filter>
    </ClCompile>
    <ClCompile Include="xrCrossTable.cpp">
      <Filter>ALife\Cross</Filter>
    </ClCompile>
    <ClCompile Include="game_graph_builder.cpp">
      <Filter>ALife\Graph</Filter>
    </ClCompile>
    <ClCompile Include="xr_graph_merge.cpp">
      <Filter>ALife\Merge</Filter>
    </ClCompile>
    <ClCompile Include="alife_artefact_order.cpp">
      <Filter>ALife\Shared\ALife\alife_artefact_order</Filter>
    </ClCompile>
    <ClCompile Include="alife_human_brain.cpp">
      <Filter>ALife\Shared\ALife\alife_human_brain</Filter>
    </ClCompile>
    <ClCompile Include="alife_monster_brain.cpp">
      <Filter>ALife\Shared\ALife\alife_monster_brain</Filter>
    </ClCompile>
    <ClCompile Include="alife_space.cpp">
      <Filter>ALife\Shared\ALife\alife_space</Filter>
    </ClCompile>
    <ClCompile Include="xrServer_Object_Base.cpp">
      <Filter>ALife\Shared\ServerEntities</Filter>
    </ClCompile>
    <ClCompile Include="xrServer_Objects.cpp">
      <Filter>ALife\Shared\ServerEntities</Filter>
    </ClCompile>
    <ClCompile Include="xrServer_Objects_Abstract.cpp">
      <Filter>ALife\Shared\ServerEntities</Filter>
    </ClCompile>
    <ClCompile Include="xrServer_Objects_ALife.cpp">
      <Filter>ALife\Shared\ServerEntities</Filter>
    </ClCompile>
    <ClCompile Include="xrServer_Objects_ALife_Items.cpp">
      <Filter>ALife\Shared\ServerEntities</Filter>
    </ClCompile>
    <ClCompile Include="xrServer_Objects_ALife_Monsters.cpp">
      <Filter>ALife\Shared\ServerEntities</Filter>
    </ClCompile>
    <ClCompile Include="PHNetState.cpp">
      <Filter>ALife\Shared\Server</Filter>
    </ClCompile>
    <ClCompile Include="PHSynchronize.cpp">
      <Filter>ALife\Shared\Server</Filter>
    </ClCompile>
    <ClCompile Include="smart_cast.cpp">
      <Filter>ALife\Shared\Common</Filter>
    </ClCompile>
    <ClCompile Include="smart_cast_stats.cpp">
      <Filter>ALife\Shared\Common</Filter>
    </ClCompile>
    <ClCompile Include="game_spawn_constructor.cpp">
      <Filter>ALife\Spawn\game_spawn_constructor</Filter>
    </ClCompile>
    <ClCompile Include="level_spawn_constructor.cpp">
      <Filter>ALife\Spawn\level_spawn_constructor</Filter>
    </ClCompile>
    <ClCompile Include="space_restrictor_wrapper.cpp">
      <Filter>ALife\Spawn\level_spawn_constructor\space_restrictor_wrapper</Filter>
    </ClCompile>
    <ClCompile Include="server_entity_wrapper.cpp">
      <Filter>ALife\Spawn\server_entity_wrapper</Filter>
    </ClCompile>
    <ClCompile Include="patrol_path.cpp">
      <Filter>ALife\Spawn\patrol_paths\patrol_path</Filter>
    </ClCompile>
    <ClCompile Include="patrol_path_storage.cpp">
      <Filter>ALife\Spawn\patrol_paths\patrol_path_storage</Filter>
    </ClCompile>
    <ClCompile Include="patrol_point.cpp">
      <Filter>ALife\Spawn\patrol_paths\patrol_point</Filter>
    </ClCompile>
    <ClCompile Include="spawn_patcher.cpp">
      <Filter>ALife\Spawn\spawn_patcher</Filter>
    </ClCompile>
    <ClCompile Include="verify_level_graph.cpp">
      <Filter>ALife\Verify</Filter>
    </ClCompile>
    <ClCompile Include="guid_generator.cpp">
      <Filter>ALife\guid_generator</Filter>
    </ClCompile>
  </ItemGroup>
  <ItemGroup>
    <ResourceCompile Include="resource.rc">
      <Filter>Kernel\Resource Files</Filter>
    </ResourceCompile>
  </ItemGroup>
</Project>